
Microsoft Visual Studio Solution File, Format Version 12.00
# Visual Studio Version 16
VisualStudioVersion = 16.0.29728.190
MinimumVisualStudioVersion = 10.0.40219.1
Project("{FAE04EC0-301F-11D3-BF4B-00C04F79EFBC}") = "Lab3", "Lab3\Lab3.csproj", "{3786AE4D-DA5D-43A0-956D-3623E70AEED6}"
EndProject
Global
	GlobalSection(SolutionConfigurationPlatforms) = preSolution
		Debug|Any CPU = Debug|Any CPU
		Release|Any CPU = Release|Any CPU
	EndGlobalSection
	GlobalSection(ProjectConfigurationPlatforms) = postSolution
		{3786AE4D-DA5D-43A0-956D-3623E70AEED6}.Debug|Any CPU.ActiveCfg = Debug|Any CPU
		{3786AE4D-DA5D-43A0-956D-3623E70AEED6}.Debug|Any CPU.Build.0 = Debug|Any CPU
		{3786AE4D-DA5D-43A0-956D-3623E70AEED6}.Release|Any CPU.ActiveCfg = Release|Any CPU
		{3786AE4D-DA5D-43A0-956D-3623E70AEED6}.Release|Any CPU.Build.0 = Release|Any CPU
	EndGlobalSection
	GlobalSection(SolutionProperties) = preSolution
		HideSolutionNode = FALSE
	EndGlobalSection
	GlobalSection(ExtensibilityGlobals) = postSolution
		SolutionGuid = {0E8F5AF7-78CB-4C09-B5C9-0C503ABD14F3}
	EndGlobalSection
EndGlobal
