
Microsoft Visual Studio Solution File, Format Version 12.00
# Visual Studio Version 16
VisualStudioVersion = 16.0.29728.190
MinimumVisualStudioVersion = 10.0.40219.1
Project("{FAE04EC0-301F-11D3-BF4B-00C04F79EFBC}") = "ECMath", "ECMath.csproj", "{24370274-1066-4810-BC06-A4C55BE6399B}"
EndProject
Global
	GlobalSection(SolutionConfigurationPlatforms) = preSolution
		Debug|Any CPU = Debug|Any CPU
		Release|Any CPU = Release|Any CPU
	EndGlobalSection
	GlobalSection(ProjectConfigurationPlatforms) = postSolution
		{24370274-1066-4810-BC06-A4C55BE6399B}.Debug|Any CPU.ActiveCfg = Debug|Any CPU
		{24370274-1066-4810-BC06-A4C55BE6399B}.Debug|Any CPU.Build.0 = Debug|Any CPU
		{24370274-1066-4810-BC06-A4C55BE6399B}.Release|Any CPU.ActiveCfg = Release|Any CPU
		{24370274-1066-4810-BC06-A4C55BE6399B}.Release|Any CPU.Build.0 = Release|Any CPU
	EndGlobalSection
	GlobalSection(SolutionProperties) = preSolution
		HideSolutionNode = FALSE
	EndGlobalSection
	GlobalSection(ExtensibilityGlobals) = postSolution
		SolutionGuid = {42AA6D01-E74A-49F0-92FA-BF23A5BF492B}
	EndGlobalSection
EndGlobal
